
Microsoft Visual Studio Solution File, Format Version 12.00
# Visual Studio Version 17
VisualStudioVersion = 17.0.31903.59
MinimumVisualStudioVersion = 10.0.40219.1
Project("{2150E333-8FDC-42A3-9474-1A3956D46DE8}") = "src", "src", "{827E0CD3-B72D-47B6-A68D-7590B98EB39B}"
EndProject
Project("{2150E333-8FDC-42A3-9474-1A3956D46DE8}") = "backend", "backend", "{FE360695-3F2B-1049-3887-35FBB5135923}"
EndProject
Project("{FAE04EC0-301F-11D3-BF4B-00C04F79EFBC}") = "AutoSphere.Api", "src\backend\AutoSphere.Api\AutoSphere.Api.csproj", "{240F913F-4DFF-47B0-9048-8421FAE618FB}"
EndProject
Project("{FAE04EC0-301F-11D3-BF4B-00C04F79EFBC}") = "AutoSphere.Infrastructure", "src\backend\AutoSphere.Infrastructure\AutoSphere.Infrastructure.csproj", "{3AA12583-8049-4FCC-AFA9-F30839481903}"
EndProject
Project("{FAE04EC0-301F-11D3-BF4B-00C04F79EFBC}") = "AutoSphere.Application", "src\backend\AutoSphere.Application\AutoSphere.Application.csproj", "{ADC7BE09-9CCC-4347-9A5D-FCE1D9F46E54}"
EndProject
Project("{FAE04EC0-301F-11D3-BF4B-00C04F79EFBC}") = "AutoSphere.Domain", "src\backend\AutoSphere.Domain\AutoSphere.Domain.csproj", "{2D88F923-21C0-448F-AD1C-42BF9029FE4C}"
EndProject
Project("{FAE04EC0-301F-11D3-BF4B-00C04F79EFBC}") = "AutoSphere.SharedKernel", "src\shared\AutoSphere.SharedKernel\AutoSphere.SharedKernel.csproj", "{A0E571CA-7C5E-4EB1-8055-636FB6D13445}"
EndProject
Project("{FAE04EC0-301F-11D3-BF4B-00C04F79EFBC}") = "AutoSphere.Contracts", "src\shared\AutoSphere.Contracts\AutoSphere.Contracts.csproj", "{D1508B38-F143-482A-B4D8-1720A1A9B4A2}"
EndProject
Project("{2150E333-8FDC-42A3-9474-1A3956D46DE8}") = "gateway", "gateway", "{6306A8FB-679E-111F-6585-8F70E0EE6013}"
EndProject
Project("{FAE04EC0-301F-11D3-BF4B-00C04F79EFBC}") = "AutoSphere.CanBus", "src\gateway\AutoSphere.CanBus\AutoSphere.CanBus.csproj", "{409EADD9-315C-43BD-AC2E-FE7A58796937}"
EndProject
Project("{FAE04EC0-301F-11D3-BF4B-00C04F79EFBC}") = "AutoSphere.Diagnostics", "src\gateway\AutoSphere.Diagnostics\AutoSphere.Diagnostics.csproj", "{73D7617B-B405-4425-BA7B-2BA6B22AC06B}"
EndProject
Project("{FAE04EC0-301F-11D3-BF4B-00C04F79EFBC}") = "AutoSphere.VehicleGateway", "src\gateway\AutoSphere.VehicleGateway\AutoSphere.VehicleGateway.csproj", "{128FB67C-A0B1-4AB9-A42C-1E80DD50377E}"
EndProject
Project("{FAE04EC0-301F-11D3-BF4B-00C04F79EFBC}") = "AutoSphere.VehicleSignals", "src\gateway\AutoSphere.VehicleSignals\AutoSphere.VehicleSignals.csproj", "{AE26D4C1-82E3-471D-BFE6-33EEE6761460}"
EndProject
Project("{FAE04EC0-301F-11D3-BF4B-00C04F79EFBC}") = "AutoSphere.EcuSimulation", "src\simulator\AutoSphere.EcuSimulation\AutoSphere.EcuSimulation.csproj", "{4957A574-CDA8-487C-93D9-D70E8620F20D}"
EndProject
Project("{2150E333-8FDC-42A3-9474-1A3956D46DE8}") = "shared", "shared", "{C8E42992-5E42-0C2B-DBFE-AA848D06431C}"
EndProject
Project("{2150E333-8FDC-42A3-9474-1A3956D46DE8}") = "simulator", "simulator", "{F107423A-BC65-B5DC-2530-8F6E7ADD9117}"
EndProject
Project("{FAE04EC0-301F-11D3-BF4B-00C04F79EFBC}") = "AutoSphere.VehicleSimulator", "src\simulator\AutoSphere.VehicleSimulator\AutoSphere.VehicleSimulator.csproj", "{5DD89673-A105-4CFE-A3DD-2664DF5B633A}"
EndProject
Project("{2150E333-8FDC-42A3-9474-1A3956D46DE8}") = "tests", "tests", "{0AB3BF05-4346-4AA6-1389-037BE0695223}"
EndProject
Project("{FAE04EC0-301F-11D3-BF4B-00C04F79EFBC}") = "AutoSphere.ArchitectureTests", "tests\AutoSphere.ArchitectureTests\AutoSphere.ArchitectureTests.csproj", "{C70C76AB-F401-4466-B570-7F6DD5A67DAC}"
EndProject
Project("{FAE04EC0-301F-11D3-BF4B-00C04F79EFBC}") = "AutoSphere.Benchmarks", "tests\AutoSphere.Benchmarks\AutoSphere.Benchmarks.csproj", "{7D7A8851-B47C-40D9-A1A9-C693D84DC508}"
EndProject
Project("{FAE04EC0-301F-11D3-BF4B-00C04F79EFBC}") = "AutoSphere.IntegrationTests", "tests\AutoSphere.IntegrationTests\AutoSphere.IntegrationTests.csproj", "{938608CD-959D-4B00-8AB1-919FBBA9EC2B}"
EndProject
Project("{FAE04EC0-301F-11D3-BF4B-00C04F79EFBC}") = "AutoSphere.UnitTests", "tests\AutoSphere.UnitTests\AutoSphere.UnitTests.csproj", "{FA0C5D2C-D907-4979-BF6B-1D624A4199F9}"
EndProject
Global
	GlobalSection(SolutionConfigurationPlatforms) = preSolution
		Debug|Any CPU = Debug|Any CPU
		Debug|x64 = Debug|x64
		Debug|x86 = Debug|x86
		Release|Any CPU = Release|Any CPU
		Release|x64 = Release|x64
		Release|x86 = Release|x86
	EndGlobalSection
	GlobalSection(ProjectConfigurationPlatforms) = postSolution
		{240F913F-4DFF-47B0-9048-8421FAE618FB}.Debug|Any CPU.ActiveCfg = Debug|Any CPU
		{240F913F-4DFF-47B0-9048-8421FAE618FB}.Debug|Any CPU.Build.0 = Debug|Any CPU
		{240F913F-4DFF-47B0-9048-8421FAE618FB}.Debug|x64.ActiveCfg = Debug|Any CPU
		{240F913F-4DFF-47B0-9048-8421FAE618FB}.Debug|x64.Build.0 = Debug|Any CPU
		{240F913F-4DFF-47B0-9048-8421FAE618FB}.Debug|x86.ActiveCfg = Debug|Any CPU
		{240F913F-4DFF-47B0-9048-8421FAE618FB}.Debug|x86.Build.0 = Debug|Any CPU
		{240F913F-4DFF-47B0-9048-8421FAE618FB}.Release|Any CPU.ActiveCfg = Release|Any CPU
		{240F913F-4DFF-47B0-9048-8421FAE618FB}.Release|Any CPU.Build.0 = Release|Any CPU
		{240F913F-4DFF-47B0-9048-8421FAE618FB}.Release|x64.ActiveCfg = Release|Any CPU
		{240F913F-4DFF-47B0-9048-8421FAE618FB}.Release|x64.Build.0 = Release|Any CPU
		{240F913F-4DFF-47B0-9048-8421FAE618FB}.Release|x86.ActiveCfg = Release|Any CPU
		{240F913F-4DFF-47B0-9048-8421FAE618FB}.Release|x86.Build.0 = Release|Any CPU
		{3AA12583-8049-4FCC-AFA9-F30839481903}.Debug|Any CPU.ActiveCfg = Debug|Any CPU
		{3AA12583-8049-4FCC-AFA9-F30839481903}.Debug|Any CPU.Build.0 = Debug|Any CPU
		{3AA12583-8049-4FCC-AFA9-F30839481903}.Debug|x64.ActiveCfg = Debug|Any CPU
		{3AA12583-8049-4FCC-AFA9-F30839481903}.Debug|x64.Build.0 = Debug|Any CPU
		{3AA12583-8049-4FCC-AFA9-F30839481903}.Debug|x86.ActiveCfg = Debug|Any CPU
		{3AA12583-8049-4FCC-AFA9-F30839481903}.Debug|x86.Build.0 = Debug|Any CPU
		{3AA12583-8049-4FCC-AFA9-F30839481903}.Release|Any CPU.ActiveCfg = Release|Any CPU
		{3AA12583-8049-4FCC-AFA9-F30839481903}.Release|Any CPU.Build.0 = Release|Any CPU
		{3AA12583-8049-4FCC-AFA9-F30839481903}.Release|x64.ActiveCfg = Release|Any CPU
		{3AA12583-8049-4FCC-AFA9-F30839481903}.Release|x64.Build.0 = Release|Any CPU
		{3AA12583-8049-4FCC-AFA9-F30839481903}.Release|x86.ActiveCfg = Release|Any CPU
		{3AA12583-8049-4FCC-AFA9-F30839481903}.Release|x86.Build.0 = Release|Any CPU
		{ADC7BE09-9CCC-4347-9A5D-FCE1D9F46E54}.Debug|Any CPU.ActiveCfg = Debug|Any CPU
		{ADC7BE09-9CCC-4347-9A5D-FCE1D9F46E54}.Debug|Any CPU.Build.0 = Debug|Any CPU
		{ADC7BE09-9CCC-4347-9A5D-FCE1D9F46E54}.Debug|x64.ActiveCfg = Debug|Any CPU
		{ADC7BE09-9CCC-4347-9A5D-FCE1D9F46E54}.Debug|x64.Build.0 = Debug|Any CPU
		{ADC7BE09-9CCC-4347-9A5D-FCE1D9F46E54}.Debug|x86.ActiveCfg = Debug|Any CPU
		{ADC7BE09-9CCC-4347-9A5D-FCE1D9F46E54}.Debug|x86.Build.0 = Debug|Any CPU
		{ADC7BE09-9CCC-4347-9A5D-FCE1D9F46E54}.Release|Any CPU.ActiveCfg = Release|Any CPU
		{ADC7BE09-9CCC-4347-9A5D-FCE1D9F46E54}.Release|Any CPU.Build.0 = Release|Any CPU
		{ADC7BE09-9CCC-4347-9A5D-FCE1D9F46E54}.Release|x64.ActiveCfg = Release|Any CPU
		{ADC7BE09-9CCC-4347-9A5D-FCE1D9F46E54}.Release|x64.Build.0 = Release|Any CPU
		{ADC7BE09-9CCC-4347-9A5D-FCE1D9F46E54}.Release|x86.ActiveCfg = Release|Any CPU
		{ADC7BE09-9CCC-4347-9A5D-FCE1D9F46E54}.Release|x86.Build.0 = Release|Any CPU
		{2D88F923-21C0-448F-AD1C-42BF9029FE4C}.Debug|Any CPU.ActiveCfg = Debug|Any CPU
		{2D88F923-21C0-448F-AD1C-42BF9029FE4C}.Debug|Any CPU.Build.0 = Debug|Any CPU
		{2D88F923-21C0-448F-AD1C-42BF9029FE4C}.Debug|x64.ActiveCfg = Debug|Any CPU
		{2D88F923-21C0-448F-AD1C-42BF9029FE4C}.Debug|x64.Build.0 = Debug|Any CPU
		{2D88F923-21C0-448F-AD1C-42BF9029FE4C}.Debug|x86.ActiveCfg = Debug|Any CPU
		{2D88F923-21C0-448F-AD1C-42BF9029FE4C}.Debug|x86.Build.0 = Debug|Any CPU
		{2D88F923-21C0-448F-AD1C-42BF9029FE4C}.Release|Any CPU.ActiveCfg = Release|Any CPU
		{2D88F923-21C0-448F-AD1C-42BF9029FE4C}.Release|Any CPU.Build.0 = Release|Any CPU
		{2D88F923-21C0-448F-AD1C-42BF9029FE4C}.Release|x64.ActiveCfg = Release|Any CPU
		{2D88F923-21C0-448F-AD1C-42BF9029FE4C}.Release|x64.Build.0 = Release|Any CPU
		{2D88F923-21C0-448F-AD1C-42BF9029FE4C}.Release|x86.ActiveCfg = Release|Any CPU
		{2D88F923-21C0-448F-AD1C-42BF9029FE4C}.Release|x86.Build.0 = Release|Any CPU
		{A0E571CA-7C5E-4EB1-8055-636FB6D13445}.Debug|Any CPU.ActiveCfg = Debug|Any CPU
		{A0E571CA-7C5E-4EB1-8055-636FB6D13445}.Debug|Any CPU.Build.0 = Debug|Any CPU
		{A0E571CA-7C5E-4EB1-8055-636FB6D13445}.Debug|x64.ActiveCfg = Debug|Any CPU
		{A0E571CA-7C5E-4EB1-8055-636FB6D13445}.Debug|x64.Build.0 = Debug|Any CPU
		{A0E571CA-7C5E-4EB1-8055-636FB6D13445}.Debug|x86.ActiveCfg = Debug|Any CPU
		{A0E571CA-7C5E-4EB1-8055-636FB6D13445}.Debug|x86.Build.0 = Debug|Any CPU
		{A0E571CA-7C5E-4EB1-8055-636FB6D13445}.Release|Any CPU.ActiveCfg = Release|Any CPU
		{A0E571CA-7C5E-4EB1-8055-636FB6D13445}.Release|Any CPU.Build.0 = Release|Any CPU
		{A0E571CA-7C5E-4EB1-8055-636FB6D13445}.Release|x64.ActiveCfg = Release|Any CPU
		{A0E571CA-7C5E-4EB1-8055-636FB6D13445}.Release|x64.Build.0 = Release|Any CPU
		{A0E571CA-7C5E-4EB1-8055-636FB6D13445}.Release|x86.ActiveCfg = Release|Any CPU
		{A0E571CA-7C5E-4EB1-8055-636FB6D13445}.Release|x86.Build.0 = Release|Any CPU
		{D1508B38-F143-482A-B4D8-1720A1A9B4A2}.Debug|Any CPU.ActiveCfg = Debug|Any CPU
		{D1508B38-F143-482A-B4D8-1720A1A9B4A2}.Debug|Any CPU.Build.0 = Debug|Any CPU
		{D1508B38-F143-482A-B4D8-1720A1A9B4A2}.Debug|x64.ActiveCfg = Debug|Any CPU
		{D1508B38-F143-482A-B4D8-1720A1A9B4A2}.Debug|x64.Build.0 = Debug|Any CPU
		{D1508B38-F143-482A-B4D8-1720A1A9B4A2}.Debug|x86.ActiveCfg = Debug|Any CPU
		{D1508B38-F143-482A-B4D8-1720A1A9B4A2}.Debug|x86.Build.0 = Debug|Any CPU
		{D1508B38-F143-482A-B4D8-1720A1A9B4A2}.Release|Any CPU.ActiveCfg = Release|Any CPU
		{D1508B38-F143-482A-B4D8-1720A1A9B4A2}.Release|Any CPU.Build.0 = Release|Any CPU
		{D1508B38-F143-482A-B4D8-1720A1A9B4A2}.Release|x64.ActiveCfg = Release|Any CPU
		{D1508B38-F143-482A-B4D8-1720A1A9B4A2}.Release|x64.Build.0 = Release|Any CPU
		{D1508B38-F143-482A-B4D8-1720A1A9B4A2}.Release|x86.ActiveCfg = Release|Any CPU
		{D1508B38-F143-482A-B4D8-1720A1A9B4A2}.Release|x86.Build.0 = Release|Any CPU
		{409EADD9-315C-43BD-AC2E-FE7A58796937}.Debug|Any CPU.ActiveCfg = Debug|Any CPU
		{409EADD9-315C-43BD-AC2E-FE7A58796937}.Debug|Any CPU.Build.0 = Debug|Any CPU
		{409EADD9-315C-43BD-AC2E-FE7A58796937}.Debug|x64.ActiveCfg = Debug|Any CPU
		{409EADD9-315C-43BD-AC2E-FE7A58796937}.Debug|x64.Build.0 = Debug|Any CPU
		{409EADD9-315C-43BD-AC2E-FE7A58796937}.Debug|x86.ActiveCfg = Debug|Any CPU
		{409EADD9-315C-43BD-AC2E-FE7A58796937}.Debug|x86.Build.0 = Debug|Any CPU
		{409EADD9-315C-43BD-AC2E-FE7A58796937}.Release|Any CPU.ActiveCfg = Release|Any CPU
		{409EADD9-315C-43BD-AC2E-FE7A58796937}.Release|Any CPU.Build.0 = Release|Any CPU
		{409EADD9-315C-43BD-AC2E-FE7A58796937}.Release|x64.ActiveCfg = Release|Any CPU
		{409EADD9-315C-43BD-AC2E-FE7A58796937}.Release|x64.Build.0 = Release|Any CPU
		{409EADD9-315C-43BD-AC2E-FE7A58796937}.Release|x86.ActiveCfg = Release|Any CPU
		{409EADD9-315C-43BD-AC2E-FE7A58796937}.Release|x86.Build.0 = Release|Any CPU
		{73D7617B-B405-4425-BA7B-2BA6B22AC06B}.Debug|Any CPU.ActiveCfg = Debug|Any CPU
		{73D7617B-B405-4425-BA7B-2BA6B22AC06B}.Debug|Any CPU.Build.0 = Debug|Any CPU
		{73D7617B-B405-4425-BA7B-2BA6B22AC06B}.Debug|x64.ActiveCfg = Debug|Any CPU
		{73D7617B-B405-4425-BA7B-2BA6B22AC06B}.Debug|x64.Build.0 = Debug|Any CPU
		{73D7617B-B405-4425-BA7B-2BA6B22AC06B}.Debug|x86.ActiveCfg = Debug|Any CPU
		{73D7617B-B405-4425-BA7B-2BA6B22AC06B}.Debug|x86.Build.0 = Debug|Any CPU
		{73D7617B-B405-4425-BA7B-2BA6B22AC06B}.Release|Any CPU.ActiveCfg = Release|Any CPU
		{73D7617B-B405-4425-BA7B-2BA6B22AC06B}.Release|Any CPU.Build.0 = Release|Any CPU
		{73D7617B-B405-4425-BA7B-2BA6B22AC06B}.Release|x64.ActiveCfg = Release|Any CPU
		{73D7617B-B405-4425-BA7B-2BA6B22AC06B}.Release|x64.Build.0 = Release|Any CPU
		{73D7617B-B405-4425-BA7B-2BA6B22AC06B}.Release|x86.ActiveCfg = Release|Any CPU
		{73D7617B-B405-4425-BA7B-2BA6B22AC06B}.Release|x86.Build.0 = Release|Any CPU
		{128FB67C-A0B1-4AB9-A42C-1E80DD50377E}.Debug|Any CPU.ActiveCfg = Debug|Any CPU
		{128FB67C-A0B1-4AB9-A42C-1E80DD50377E}.Debug|Any CPU.Build.0 = Debug|Any CPU
		{128FB67C-A0B1-4AB9-A42C-1E80DD50377E}.Debug|x64.ActiveCfg = Debug|Any CPU
		{128FB67C-A0B1-4AB9-A42C-1E80DD50377E}.Debug|x64.Build.0 = Debug|Any CPU
		{128FB67C-A0B1-4AB9-A42C-1E80DD50377E}.Debug|x86.ActiveCfg = Debug|Any CPU
		{128FB67C-A0B1-4AB9-A42C-1E80DD50377E}.Debug|x86.Build.0 = Debug|Any CPU
		{128FB67C-A0B1-4AB9-A42C-1E80DD50377E}.Release|Any CPU.ActiveCfg = Release|Any CPU
		{128FB67C-A0B1-4AB9-A42C-1E80DD50377E}.Release|Any CPU.Build.0 = Release|Any CPU
		{128FB67C-A0B1-4AB9-A42C-1E80DD50377E}.Release|x64.ActiveCfg = Release|Any CPU
		{128FB67C-A0B1-4AB9-A42C-1E80DD50377E}.Release|x64.Build.0 = Release|Any CPU
		{128FB67C-A0B1-4AB9-A42C-1E80DD50377E}.Release|x86.ActiveCfg = Release|Any CPU
		{128FB67C-A0B1-4AB9-A42C-1E80DD50377E}.Release|x86.Build.0 = Release|Any CPU
		{AE26D4C1-82E3-471D-BFE6-33EEE6761460}.Debug|Any CPU.ActiveCfg = Debug|Any CPU
		{AE26D4C1-82E3-471D-BFE6-33EEE6761460}.Debug|Any CPU.Build.0 = Debug|Any CPU
		{AE26D4C1-82E3-471D-BFE6-33EEE6761460}.Debug|x64.ActiveCfg = Debug|Any CPU
		{AE26D4C1-82E3-471D-BFE6-33EEE6761460}.Debug|x64.Build.0 = Debug|Any CPU
		{AE26D4C1-82E3-471D-BFE6-33EEE6761460}.Debug|x86.ActiveCfg = Debug|Any CPU
		{AE26D4C1-82E3-471D-BFE6-33EEE6761460}.Debug|x86.Build.0 = Debug|Any CPU
		{AE26D4C1-82E3-471D-BFE6-33EEE6761460}.Release|Any CPU.ActiveCfg = Release|Any CPU
		{AE26D4C1-82E3-471D-BFE6-33EEE6761460}.Release|Any CPU.Build.0 = Release|Any CPU
		{AE26D4C1-82E3-471D-BFE6-33EEE6761460}.Release|x64.ActiveCfg = Release|Any CPU
		{AE26D4C1-82E3-471D-BFE6-33EEE6761460}.Release|x64.Build.0 = Release|Any CPU
		{AE26D4C1-82E3-471D-BFE6-33EEE6761460}.Release|x86.ActiveCfg = Release|Any CPU
		{AE26D4C1-82E3-471D-BFE6-33EEE6761460}.Release|x86.Build.0 = Release|Any CPU
		{4957A574-CDA8-487C-93D9-D70E8620F20D}.Debug|Any CPU.ActiveCfg = Debug|Any CPU
		{4957A574-CDA8-487C-93D9-D70E8620F20D}.Debug|Any CPU.Build.0 = Debug|Any CPU
		{4957A574-CDA8-487C-93D9-D70E8620F20D}.Debug|x64.ActiveCfg = Debug|Any CPU
		{4957A574-CDA8-487C-93D9-D70E8620F20D}.Debug|x64.Build.0 = Debug|Any CPU
		{4957A574-CDA8-487C-93D9-D70E8620F20D}.Debug|x86.ActiveCfg = Debug|Any CPU
		{4957A574-CDA8-487C-93D9-D70E8620F20D}.Debug|x86.Build.0 = Debug|Any CPU
		{4957A574-CDA8-487C-93D9-D70E8620F20D}.Release|Any CPU.ActiveCfg = Release|Any CPU
		{4957A574-CDA8-487C-93D9-D70E8620F20D}.Release|Any CPU.Build.0 = Release|Any CPU
		{4957A574-CDA8-487C-93D9-D70E8620F20D}.Release|x64.ActiveCfg = Release|Any CPU
		{4957A574-CDA8-487C-93D9-D70E8620F20D}.Release|x64.Build.0 = Release|Any CPU
		{4957A574-CDA8-487C-93D9-D70E8620F20D}.Release|x86.ActiveCfg = Release|Any CPU
		{4957A574-CDA8-487C-93D9-D70E8620F20D}.Release|x86.Build.0 = Release|Any CPU
		{5DD89673-A105-4CFE-A3DD-2664DF5B633A}.Debug|Any CPU.ActiveCfg = Debug|Any CPU
		{5DD89673-A105-4CFE-A3DD-2664DF5B633A}.Debug|Any CPU.Build.0 = Debug|Any CPU
		{5DD89673-A105-4CFE-A3DD-2664DF5B633A}.Debug|x64.ActiveCfg = Debug|Any CPU
		{5DD89673-A105-4CFE-A3DD-2664DF5B633A}.Debug|x64.Build.0 = Debug|Any CPU
		{5DD89673-A105-4CFE-A3DD-2664DF5B633A}.Debug|x86.ActiveCfg = Debug|Any CPU
		{5DD89673-A105-4CFE-A3DD-2664DF5B633A}.Debug|x86.Build.0 = Debug|Any CPU
		{5DD89673-A105-4CFE-A3DD-2664DF5B633A}.Release|Any CPU.ActiveCfg = Release|Any CPU
		{5DD89673-A105-4CFE-A3DD-2664DF5B633A}.Release|Any CPU.Build.0 = Release|Any CPU
		{5DD89673-A105-4CFE-A3DD-2664DF5B633A}.Release|x64.ActiveCfg = Release|Any CPU
		{5DD89673-A105-4CFE-A3DD-2664DF5B633A}.Release|x64.Build.0 = Release|Any CPU
		{5DD89673-A105-4CFE-A3DD-2664DF5B633A}.Release|x86.ActiveCfg = Release|Any CPU
		{5DD89673-A105-4CFE-A3DD-2664DF5B633A}.Release|x86.Build.0 = Release|Any CPU
		{C70C76AB-F401-4466-B570-7F6DD5A67DAC}.Debug|Any CPU.ActiveCfg = Debug|Any CPU
		{C70C76AB-F401-4466-B570-7F6DD5A67DAC}.Debug|Any CPU.Build.0 = Debug|Any CPU
		{C70C76AB-F401-4466-B570-7F6DD5A67DAC}.Debug|x64.ActiveCfg = Debug|Any CPU
		{C70C76AB-F401-4466-B570-7F6DD5A67DAC}.Debug|x64.Build.0 = Debug|Any CPU
		{C70C76AB-F401-4466-B570-7F6DD5A67DAC}.Debug|x86.ActiveCfg = Debug|Any CPU
		{C70C76AB-F401-4466-B570-7F6DD5A67DAC}.Debug|x86.Build.0 = Debug|Any CPU
		{C70C76AB-F401-4466-B570-7F6DD5A67DAC}.Release|Any CPU.ActiveCfg = Release|Any CPU
		{C70C76AB-F401-4466-B570-7F6DD5A67DAC}.Release|Any CPU.Build.0 = Release|Any CPU
		{C70C76AB-F401-4466-B570-7F6DD5A67DAC}.Release|x64.ActiveCfg = Release|Any CPU
		{C70C76AB-F401-4466-B570-7F6DD5A67DAC}.Release|x64.Build.0 = Release|Any CPU
		{C70C76AB-F401-4466-B570-7F6DD5A67DAC}.Release|x86.ActiveCfg = Release|Any CPU
		{C70C76AB-F401-4466-B570-7F6DD5A67DAC}.Release|x86.Build.0 = Release|Any CPU
		{7D7A8851-B47C-40D9-A1A9-C693D84DC508}.Debug|Any CPU.ActiveCfg = Debug|Any CPU
		{7D7A8851-B47C-40D9-A1A9-C693D84DC508}.Debug|Any CPU.Build.0 = Debug|Any CPU
		{7D7A8851-B47C-40D9-A1A9-C693D84DC508}.Debug|x64.ActiveCfg = Debug|Any CPU
		{7D7A8851-B47C-40D9-A1A9-C693D84DC508}.Debug|x64.Build.0 = Debug|Any CPU
		{7D7A8851-B47C-40D9-A1A9-C693D84DC508}.Debug|x86.ActiveCfg = Debug|Any CPU
		{7D7A8851-B47C-40D9-A1A9-C693D84DC508}.Debug|x86.Build.0 = Debug|Any CPU
		{7D7A8851-B47C-40D9-A1A9-C693D84DC508}.Release|Any CPU.ActiveCfg = Release|Any CPU
		{7D7A8851-B47C-40D9-A1A9-C693D84DC508}.Release|Any CPU.Build.0 = Release|Any CPU
		{7D7A8851-B47C-40D9-A1A9-C693D84DC508}.Release|x64.ActiveCfg = Release|Any CPU
		{7D7A8851-B47C-40D9-A1A9-C693D84DC508}.Release|x64.Build.0 = Release|Any CPU
		{7D7A8851-B47C-40D9-A1A9-C693D84DC508}.Release|x86.ActiveCfg = Release|Any CPU
		{7D7A8851-B47C-40D9-A1A9-C693D84DC508}.Release|x86.Build.0 = Release|Any CPU
		{938608CD-959D-4B00-8AB1-919FBBA9EC2B}.Debug|Any CPU.ActiveCfg = Debug|Any CPU
		{938608CD-959D-4B00-8AB1-919FBBA9EC2B}.Debug|Any CPU.Build.0 = Debug|Any CPU
		{938608CD-959D-4B00-8AB1-919FBBA9EC2B}.Debug|x64.ActiveCfg = Debug|Any CPU
		{938608CD-959D-4B00-8AB1-919FBBA9EC2B}.Debug|x64.Build.0 = Debug|Any CPU
		{938608CD-959D-4B00-8AB1-919FBBA9EC2B}.Debug|x86.ActiveCfg = Debug|Any CPU
		{938608CD-959D-4B00-8AB1-919FBBA9EC2B}.Debug|x86.Build.0 = Debug|Any CPU
		{938608CD-959D-4B00-8AB1-919FBBA9EC2B}.Release|Any CPU.ActiveCfg = Release|Any CPU
		{938608CD-959D-4B00-8AB1-919FBBA9EC2B}.Release|Any CPU.Build.0 = Release|Any CPU
		{938608CD-959D-4B00-8AB1-919FBBA9EC2B}.Release|x64.ActiveCfg = Release|Any CPU
		{938608CD-959D-4B00-8AB1-919FBBA9EC2B}.Release|x64.Build.0 = Release|Any CPU
		{938608CD-959D-4B00-8AB1-919FBBA9EC2B}.Release|x86.ActiveCfg = Release|Any CPU
		{938608CD-959D-4B00-8AB1-919FBBA9EC2B}.Release|x86.Build.0 = Release|Any CPU
		{FA0C5D2C-D907-4979-BF6B-1D624A4199F9}.Debug|Any CPU.ActiveCfg = Debug|Any CPU
		{FA0C5D2C-D907-4979-BF6B-1D624A4199F9}.Debug|Any CPU.Build.0 = Debug|Any CPU
		{FA0C5D2C-D907-4979-BF6B-1D624A4199F9}.Debug|x64.ActiveCfg = Debug|Any CPU
		{FA0C5D2C-D907-4979-BF6B-1D624A4199F9}.Debug|x64.Build.0 = Debug|Any CPU
		{FA0C5D2C-D907-4979-BF6B-1D624A4199F9}.Debug|x86.ActiveCfg = Debug|Any CPU
		{FA0C5D2C-D907-4979-BF6B-1D624A4199F9}.Debug|x86.Build.0 = Debug|Any CPU
		{FA0C5D2C-D907-4979-BF6B-1D624A4199F9}.Release|Any CPU.ActiveCfg = Release|Any CPU
		{FA0C5D2C-D907-4979-BF6B-1D624A4199F9}.Release|Any CPU.Build.0 = Release|Any CPU
		{FA0C5D2C-D907-4979-BF6B-1D624A4199F9}.Release|x64.ActiveCfg = Release|Any CPU
		{FA0C5D2C-D907-4979-BF6B-1D624A4199F9}.Release|x64.Build.0 = Release|Any CPU
		{FA0C5D2C-D907-4979-BF6B-1D624A4199F9}.Release|x86.ActiveCfg = Release|Any CPU
		{FA0C5D2C-D907-4979-BF6B-1D624A4199F9}.Release|x86.Build.0 = Release|Any CPU
	EndGlobalSection
	GlobalSection(SolutionProperties) = preSolution
		HideSolutionNode = FALSE
	EndGlobalSection
	GlobalSection(NestedProjects) = preSolution
		{FE360695-3F2B-1049-3887-35FBB5135923} = {827E0CD3-B72D-47B6-A68D-7590B98EB39B}
		{240F913F-4DFF-47B0-9048-8421FAE618FB} = {FE360695-3F2B-1049-3887-35FBB5135923}
		{3AA12583-8049-4FCC-AFA9-F30839481903} = {FE360695-3F2B-1049-3887-35FBB5135923}
		{ADC7BE09-9CCC-4347-9A5D-FCE1D9F46E54} = {FE360695-3F2B-1049-3887-35FBB5135923}
		{2D88F923-21C0-448F-AD1C-42BF9029FE4C} = {FE360695-3F2B-1049-3887-35FBB5135923}
		{A0E571CA-7C5E-4EB1-8055-636FB6D13445} = {FE360695-3F2B-1049-3887-35FBB5135923}
		{D1508B38-F143-482A-B4D8-1720A1A9B4A2} = {FE360695-3F2B-1049-3887-35FBB5135923}
		{6306A8FB-679E-111F-6585-8F70E0EE6013} = {827E0CD3-B72D-47B6-A68D-7590B98EB39B}
		{409EADD9-315C-43BD-AC2E-FE7A58796937} = {6306A8FB-679E-111F-6585-8F70E0EE6013}
		{73D7617B-B405-4425-BA7B-2BA6B22AC06B} = {6306A8FB-679E-111F-6585-8F70E0EE6013}
		{128FB67C-A0B1-4AB9-A42C-1E80DD50377E} = {6306A8FB-679E-111F-6585-8F70E0EE6013}
		{AE26D4C1-82E3-471D-BFE6-33EEE6761460} = {6306A8FB-679E-111F-6585-8F70E0EE6013}
		{4957A574-CDA8-487C-93D9-D70E8620F20D} = {6306A8FB-679E-111F-6585-8F70E0EE6013}
		{C8E42992-5E42-0C2B-DBFE-AA848D06431C} = {827E0CD3-B72D-47B6-A68D-7590B98EB39B}
		{F107423A-BC65-B5DC-2530-8F6E7ADD9117} = {827E0CD3-B72D-47B6-A68D-7590B98EB39B}
		{5DD89673-A105-4CFE-A3DD-2664DF5B633A} = {F107423A-BC65-B5DC-2530-8F6E7ADD9117}
		{C70C76AB-F401-4466-B570-7F6DD5A67DAC} = {0AB3BF05-4346-4AA6-1389-037BE0695223}
		{7D7A8851-B47C-40D9-A1A9-C693D84DC508} = {0AB3BF05-4346-4AA6-1389-037BE0695223}
		{938608CD-959D-4B00-8AB1-919FBBA9EC2B} = {0AB3BF05-4346-4AA6-1389-037BE0695223}
		{FA0C5D2C-D907-4979-BF6B-1D624A4199F9} = {0AB3BF05-4346-4AA6-1389-037BE0695223}
	EndGlobalSection
EndGlobal
