
Microsoft Visual Studio Solution File, Format Version 12.00
# Visual Studio Version 17
VisualStudioVersion = 17.0.31903.59
MinimumVisualStudioVersion = 10.0.40219.1
Project("{2150E333-8FDC-42A3-9474-1A3956D46DE8}") = "src", "src", "{827E0CD3-B72D-47B6-A68D-7590B98EB39B}"
EndProject
Project("{FAE04EC0-301F-11D3-BF4B-00C04F79EFBC}") = "ThermoTwin.Api", "src\backend\ThermoTwin.Api\ThermoTwin.Api.csproj", "{8189216E-30F8-4CD2-A25D-C303F9FB816B}"
EndProject
Project("{FAE04EC0-301F-11D3-BF4B-00C04F79EFBC}") = "ThermoTwin.Application", "src\backend\ThermoTwin.Application\ThermoTwin.Application.csproj", "{39EA5555-49F6-4EF3-B908-0AB637DBFD53}"
EndProject
Project("{FAE04EC0-301F-11D3-BF4B-00C04F79EFBC}") = "ThermoTwin.Domain", "src\backend\ThermoTwin.Domain\ThermoTwin.Domain.csproj", "{B2F444C1-B32F-4579-9724-548B5ABDC8F7}"
EndProject
Project("{FAE04EC0-301F-11D3-BF4B-00C04F79EFBC}") = "ThermoTwin.Numerics", "src\backend\ThermoTwin.Numerics\ThermoTwin.Numerics.csproj", "{E39DB345-68D4-4BBE-B8C2-107DF5E67074}"
EndProject
Project("{FAE04EC0-301F-11D3-BF4B-00C04F79EFBC}") = "ThermoTwin.Infrastructure", "src\backend\ThermoTwin.Infrastructure\ThermoTwin.Infrastructure.csproj", "{37660659-6F97-40A1-9F36-7D67D30E0306}"
EndProject
Project("{FAE04EC0-301F-11D3-BF4B-00C04F79EFBC}") = "ThermoTwin.SimulationWorker", "src\backend\ThermoTwin.SimulationWorker\ThermoTwin.SimulationWorker.csproj", "{B2FF68C9-82BF-43F8-B810-51E76B332F78}"
EndProject
Project("{FAE04EC0-301F-11D3-BF4B-00C04F79EFBC}") = "ThermoTwin.Cli", "src\backend\ThermoTwin.Cli\ThermoTwin.Cli.csproj", "{BE82CB12-49DA-478B-87DD-06929F4A450E}"
EndProject
Project("{2150E333-8FDC-42A3-9474-1A3956D46DE8}") = "tests", "tests", "{0AB3BF05-4346-4AA6-1389-037BE0695223}"
EndProject
Project("{FAE04EC0-301F-11D3-BF4B-00C04F79EFBC}") = "ThermoTwin.Tests", "tests\ThermoTwin.Tests\ThermoTwin.Tests.csproj", "{011452BF-4E86-49C4-938F-B1CBC259DEAB}"
EndProject
Global
	GlobalSection(SolutionConfigurationPlatforms) = preSolution
		Debug|Any CPU = Debug|Any CPU
		Debug|x64 = Debug|x64
		Debug|x86 = Debug|x86
		Release|Any CPU = Release|Any CPU
		Release|x64 = Release|x64
		Release|x86 = Release|x86
	EndGlobalSection
	GlobalSection(ProjectConfigurationPlatforms) = postSolution
		{8189216E-30F8-4CD2-A25D-C303F9FB816B}.Debug|Any CPU.ActiveCfg = Debug|Any CPU
		{8189216E-30F8-4CD2-A25D-C303F9FB816B}.Debug|Any CPU.Build.0 = Debug|Any CPU
		{8189216E-30F8-4CD2-A25D-C303F9FB816B}.Debug|x64.ActiveCfg = Debug|Any CPU
		{8189216E-30F8-4CD2-A25D-C303F9FB816B}.Debug|x64.Build.0 = Debug|Any CPU
		{8189216E-30F8-4CD2-A25D-C303F9FB816B}.Debug|x86.ActiveCfg = Debug|Any CPU
		{8189216E-30F8-4CD2-A25D-C303F9FB816B}.Debug|x86.Build.0 = Debug|Any CPU
		{8189216E-30F8-4CD2-A25D-C303F9FB816B}.Release|Any CPU.ActiveCfg = Release|Any CPU
		{8189216E-30F8-4CD2-A25D-C303F9FB816B}.Release|Any CPU.Build.0 = Release|Any CPU
		{8189216E-30F8-4CD2-A25D-C303F9FB816B}.Release|x64.ActiveCfg = Release|Any CPU
		{8189216E-30F8-4CD2-A25D-C303F9FB816B}.Release|x64.Build.0 = Release|Any CPU
		{8189216E-30F8-4CD2-A25D-C303F9FB816B}.Release|x86.ActiveCfg = Release|Any CPU
		{8189216E-30F8-4CD2-A25D-C303F9FB816B}.Release|x86.Build.0 = Release|Any CPU
		{39EA5555-49F6-4EF3-B908-0AB637DBFD53}.Debug|Any CPU.ActiveCfg = Debug|Any CPU
		{39EA5555-49F6-4EF3-B908-0AB637DBFD53}.Debug|Any CPU.Build.0 = Debug|Any CPU
		{39EA5555-49F6-4EF3-B908-0AB637DBFD53}.Debug|x64.ActiveCfg = Debug|Any CPU
		{39EA5555-49F6-4EF3-B908-0AB637DBFD53}.Debug|x64.Build.0 = Debug|Any CPU
		{39EA5555-49F6-4EF3-B908-0AB637DBFD53}.Debug|x86.ActiveCfg = Debug|Any CPU
		{39EA5555-49F6-4EF3-B908-0AB637DBFD53}.Debug|x86.Build.0 = Debug|Any CPU
		{39EA5555-49F6-4EF3-B908-0AB637DBFD53}.Release|Any CPU.ActiveCfg = Release|Any CPU
		{39EA5555-49F6-4EF3-B908-0AB637DBFD53}.Release|Any CPU.Build.0 = Release|Any CPU
		{39EA5555-49F6-4EF3-B908-0AB637DBFD53}.Release|x64.ActiveCfg = Release|Any CPU
		{39EA5555-49F6-4EF3-B908-0AB637DBFD53}.Release|x64.Build.0 = Release|Any CPU
		{39EA5555-49F6-4EF3-B908-0AB637DBFD53}.Release|x86.ActiveCfg = Release|Any CPU
		{39EA5555-49F6-4EF3-B908-0AB637DBFD53}.Release|x86.Build.0 = Release|Any CPU
		{B2F444C1-B32F-4579-9724-548B5ABDC8F7}.Debug|Any CPU.ActiveCfg = Debug|Any CPU
		{B2F444C1-B32F-4579-9724-548B5ABDC8F7}.Debug|Any CPU.Build.0 = Debug|Any CPU
		{B2F444C1-B32F-4579-9724-548B5ABDC8F7}.Debug|x64.ActiveCfg = Debug|Any CPU
		{B2F444C1-B32F-4579-9724-548B5ABDC8F7}.Debug|x64.Build.0 = Debug|Any CPU
		{B2F444C1-B32F-4579-9724-548B5ABDC8F7}.Debug|x86.ActiveCfg = Debug|Any CPU
		{B2F444C1-B32F-4579-9724-548B5ABDC8F7}.Debug|x86.Build.0 = Debug|Any CPU
		{B2F444C1-B32F-4579-9724-548B5ABDC8F7}.Release|Any CPU.ActiveCfg = Release|Any CPU
		{B2F444C1-B32F-4579-9724-548B5ABDC8F7}.Release|Any CPU.Build.0 = Release|Any CPU
		{B2F444C1-B32F-4579-9724-548B5ABDC8F7}.Release|x64.ActiveCfg = Release|Any CPU
		{B2F444C1-B32F-4579-9724-548B5ABDC8F7}.Release|x64.Build.0 = Release|Any CPU
		{B2F444C1-B32F-4579-9724-548B5ABDC8F7}.Release|x86.ActiveCfg = Release|Any CPU
		{B2F444C1-B32F-4579-9724-548B5ABDC8F7}.Release|x86.Build.0 = Release|Any CPU
		{E39DB345-68D4-4BBE-B8C2-107DF5E67074}.Debug|Any CPU.ActiveCfg = Debug|Any CPU
		{E39DB345-68D4-4BBE-B8C2-107DF5E67074}.Debug|Any CPU.Build.0 = Debug|Any CPU
		{E39DB345-68D4-4BBE-B8C2-107DF5E67074}.Debug|x64.ActiveCfg = Debug|Any CPU
		{E39DB345-68D4-4BBE-B8C2-107DF5E67074}.Debug|x64.Build.0 = Debug|Any CPU
		{E39DB345-68D4-4BBE-B8C2-107DF5E67074}.Debug|x86.ActiveCfg = Debug|Any CPU
		{E39DB345-68D4-4BBE-B8C2-107DF5E67074}.Debug|x86.Build.0 = Debug|Any CPU
		{E39DB345-68D4-4BBE-B8C2-107DF5E67074}.Release|Any CPU.ActiveCfg = Release|Any CPU
		{E39DB345-68D4-4BBE-B8C2-107DF5E67074}.Release|Any CPU.Build.0 = Release|Any CPU
		{E39DB345-68D4-4BBE-B8C2-107DF5E67074}.Release|x64.ActiveCfg = Release|Any CPU
		{E39DB345-68D4-4BBE-B8C2-107DF5E67074}.Release|x64.Build.0 = Release|Any CPU
		{E39DB345-68D4-4BBE-B8C2-107DF5E67074}.Release|x86.ActiveCfg = Release|Any CPU
		{E39DB345-68D4-4BBE-B8C2-107DF5E67074}.Release|x86.Build.0 = Release|Any CPU
		{37660659-6F97-40A1-9F36-7D67D30E0306}.Debug|Any CPU.ActiveCfg = Debug|Any CPU
		{37660659-6F97-40A1-9F36-7D67D30E0306}.Debug|Any CPU.Build.0 = Debug|Any CPU
		{37660659-6F97-40A1-9F36-7D67D30E0306}.Debug|x64.ActiveCfg = Debug|Any CPU
		{37660659-6F97-40A1-9F36-7D67D30E0306}.Debug|x64.Build.0 = Debug|Any CPU
		{37660659-6F97-40A1-9F36-7D67D30E0306}.Debug|x86.ActiveCfg = Debug|Any CPU
		{37660659-6F97-40A1-9F36-7D67D30E0306}.Debug|x86.Build.0 = Debug|Any CPU
		{37660659-6F97-40A1-9F36-7D67D30E0306}.Release|Any CPU.ActiveCfg = Release|Any CPU
		{37660659-6F97-40A1-9F36-7D67D30E0306}.Release|Any CPU.Build.0 = Release|Any CPU
		{37660659-6F97-40A1-9F36-7D67D30E0306}.Release|x64.ActiveCfg = Release|Any CPU
		{37660659-6F97-40A1-9F36-7D67D30E0306}.Release|x64.Build.0 = Release|Any CPU
		{37660659-6F97-40A1-9F36-7D67D30E0306}.Release|x86.ActiveCfg = Release|Any CPU
		{37660659-6F97-40A1-9F36-7D67D30E0306}.Release|x86.Build.0 = Release|Any CPU
		{B2FF68C9-82BF-43F8-B810-51E76B332F78}.Debug|Any CPU.ActiveCfg = Debug|Any CPU
		{B2FF68C9-82BF-43F8-B810-51E76B332F78}.Debug|Any CPU.Build.0 = Debug|Any CPU
		{B2FF68C9-82BF-43F8-B810-51E76B332F78}.Debug|x64.ActiveCfg = Debug|Any CPU
		{B2FF68C9-82BF-43F8-B810-51E76B332F78}.Debug|x64.Build.0 = Debug|Any CPU
		{B2FF68C9-82BF-43F8-B810-51E76B332F78}.Debug|x86.ActiveCfg = Debug|Any CPU
		{B2FF68C9-82BF-43F8-B810-51E76B332F78}.Debug|x86.Build.0 = Debug|Any CPU
		{B2FF68C9-82BF-43F8-B810-51E76B332F78}.Release|Any CPU.ActiveCfg = Release|Any CPU
		{B2FF68C9-82BF-43F8-B810-51E76B332F78}.Release|Any CPU.Build.0 = Release|Any CPU
		{B2FF68C9-82BF-43F8-B810-51E76B332F78}.Release|x64.ActiveCfg = Release|Any CPU
		{B2FF68C9-82BF-43F8-B810-51E76B332F78}.Release|x64.Build.0 = Release|Any CPU
		{B2FF68C9-82BF-43F8-B810-51E76B332F78}.Release|x86.ActiveCfg = Release|Any CPU
		{B2FF68C9-82BF-43F8-B810-51E76B332F78}.Release|x86.Build.0 = Release|Any CPU
		{BE82CB12-49DA-478B-87DD-06929F4A450E}.Debug|Any CPU.ActiveCfg = Debug|Any CPU
		{BE82CB12-49DA-478B-87DD-06929F4A450E}.Debug|Any CPU.Build.0 = Debug|Any CPU
		{BE82CB12-49DA-478B-87DD-06929F4A450E}.Debug|x64.ActiveCfg = Debug|Any CPU
		{BE82CB12-49DA-478B-87DD-06929F4A450E}.Debug|x64.Build.0 = Debug|Any CPU
		{BE82CB12-49DA-478B-87DD-06929F4A450E}.Debug|x86.ActiveCfg = Debug|Any CPU
		{BE82CB12-49DA-478B-87DD-06929F4A450E}.Debug|x86.Build.0 = Debug|Any CPU
		{BE82CB12-49DA-478B-87DD-06929F4A450E}.Release|Any CPU.ActiveCfg = Release|Any CPU
		{BE82CB12-49DA-478B-87DD-06929F4A450E}.Release|Any CPU.Build.0 = Release|Any CPU
		{BE82CB12-49DA-478B-87DD-06929F4A450E}.Release|x64.ActiveCfg = Release|Any CPU
		{BE82CB12-49DA-478B-87DD-06929F4A450E}.Release|x64.Build.0 = Release|Any CPU
		{BE82CB12-49DA-478B-87DD-06929F4A450E}.Release|x86.ActiveCfg = Release|Any CPU
		{BE82CB12-49DA-478B-87DD-06929F4A450E}.Release|x86.Build.0 = Release|Any CPU
		{011452BF-4E86-49C4-938F-B1CBC259DEAB}.Debug|Any CPU.ActiveCfg = Debug|Any CPU
		{011452BF-4E86-49C4-938F-B1CBC259DEAB}.Debug|Any CPU.Build.0 = Debug|Any CPU
		{011452BF-4E86-49C4-938F-B1CBC259DEAB}.Debug|x64.ActiveCfg = Debug|Any CPU
		{011452BF-4E86-49C4-938F-B1CBC259DEAB}.Debug|x64.Build.0 = Debug|Any CPU
		{011452BF-4E86-49C4-938F-B1CBC259DEAB}.Debug|x86.ActiveCfg = Debug|Any CPU
		{011452BF-4E86-49C4-938F-B1CBC259DEAB}.Debug|x86.Build.0 = Debug|Any CPU
		{011452BF-4E86-49C4-938F-B1CBC259DEAB}.Release|Any CPU.ActiveCfg = Release|Any CPU
		{011452BF-4E86-49C4-938F-B1CBC259DEAB}.Release|Any CPU.Build.0 = Release|Any CPU
		{011452BF-4E86-49C4-938F-B1CBC259DEAB}.Release|x64.ActiveCfg = Release|Any CPU
		{011452BF-4E86-49C4-938F-B1CBC259DEAB}.Release|x64.Build.0 = Release|Any CPU
		{011452BF-4E86-49C4-938F-B1CBC259DEAB}.Release|x86.ActiveCfg = Release|Any CPU
		{011452BF-4E86-49C4-938F-B1CBC259DEAB}.Release|x86.Build.0 = Release|Any CPU
	EndGlobalSection
	GlobalSection(SolutionProperties) = preSolution
		HideSolutionNode = FALSE
	EndGlobalSection
	GlobalSection(NestedProjects) = preSolution
		{8189216E-30F8-4CD2-A25D-C303F9FB816B} = {827E0CD3-B72D-47B6-A68D-7590B98EB39B}
		{39EA5555-49F6-4EF3-B908-0AB637DBFD53} = {827E0CD3-B72D-47B6-A68D-7590B98EB39B}
		{B2F444C1-B32F-4579-9724-548B5ABDC8F7} = {827E0CD3-B72D-47B6-A68D-7590B98EB39B}
		{E39DB345-68D4-4BBE-B8C2-107DF5E67074} = {827E0CD3-B72D-47B6-A68D-7590B98EB39B}
		{37660659-6F97-40A1-9F36-7D67D30E0306} = {827E0CD3-B72D-47B6-A68D-7590B98EB39B}
		{B2FF68C9-82BF-43F8-B810-51E76B332F78} = {827E0CD3-B72D-47B6-A68D-7590B98EB39B}
		{BE82CB12-49DA-478B-87DD-06929F4A450E} = {827E0CD3-B72D-47B6-A68D-7590B98EB39B}
		{011452BF-4E86-49C4-938F-B1CBC259DEAB} = {0AB3BF05-4346-4AA6-1389-037BE0695223}
	EndGlobalSection
EndGlobal
